
Microsoft Visual Studio Solution File, Format Version 12.00
# Visual Studio Version 16
VisualStudioVersion = 16.0.31025.194
MinimumVisualStudioVersion = 10.0.40219.1
Project("{FAE04EC0-301F-11D3-BF4B-00C04F79EFBC}") = "MetroWindow", "MetroWindow\MetroWindow.csproj", "{17F872F7-DEB3-4778-AB6C-5C3662695150}"
EndProject
Project("{FAE04EC0-301F-11D3-BF4B-00C04F79EFBC}") = "MetroWindowSample", "MetroWindowSample\MetroWindowSample.csproj", "{62324752-A297-4D5E-AF21-1A61B06FF8A8}"
EndProject
Global
	GlobalSection(SolutionConfigurationPlatforms) = preSolution
		Debug|Any CPU = Debug|Any CPU
		Release|Any CPU = Release|Any CPU
	EndGlobalSection
	GlobalSection(ProjectConfigurationPlatforms) = postSolution
		{17F872F7-DEB3-4778-AB6C-5C3662695150}.Debug|Any CPU.ActiveCfg = Debug|Any CPU
		{17F872F7-DEB3-4778-AB6C-5C3662695150}.Debug|Any CPU.Build.0 = Debug|Any CPU
		{17F872F7-DEB3-4778-AB6C-5C3662695150}.Release|Any CPU.ActiveCfg = Release|Any CPU
		{17F872F7-DEB3-4778-AB6C-5C3662695150}.Release|Any CPU.Build.0 = Release|Any CPU
		{62324752-A297-4D5E-AF21-1A61B06FF8A8}.Debug|Any CPU.ActiveCfg = Debug|Any CPU
		{62324752-A297-4D5E-AF21-1A61B06FF8A8}.Debug|Any CPU.Build.0 = Debug|Any CPU
		{62324752-A297-4D5E-AF21-1A61B06FF8A8}.Release|Any CPU.ActiveCfg = Release|Any CPU
		{62324752-A297-4D5E-AF21-1A61B06FF8A8}.Release|Any CPU.Build.0 = Release|Any CPU
	EndGlobalSection
	GlobalSection(SolutionProperties) = preSolution
		HideSolutionNode = FALSE
	EndGlobalSection
	GlobalSection(ExtensibilityGlobals) = postSolution
		SolutionGuid = {BD89621A-6BCE-4BA6-A725-DA13BF6F393C}
	EndGlobalSection
EndGlobal
